
Microsoft Visual Studio Solution File, Format Version 12.00
Project("{FAE04EC0-301F-11D3-BF4B-00C04F79EFBC}") = "VectorField3D", "VectorField3D.csproj", "{04DADA87-F021-4FFD-A270-E75DD63F921E}"
EndProject
Global
	GlobalSection(SolutionConfigurationPlatforms) = preSolution
		Debug|Any CPU = Debug|Any CPU
		Release|Any CPU = Release|Any CPU
	EndGlobalSection
	GlobalSection(ProjectConfigurationPlatforms) = postSolution
		{04DADA87-F021-4FFD-A270-E75DD63F921E}.Debug|Any CPU.ActiveCfg = Debug|Any CPU
		{04DADA87-F021-4FFD-A270-E75DD63F921E}.Debug|Any CPU.Build.0 = Debug|Any CPU
		{04DADA87-F021-4FFD-A270-E75DD63F921E}.Release|Any CPU.ActiveCfg = Release|Any CPU
		{04DADA87-F021-4FFD-A270-E75DD63F921E}.Release|Any CPU.Build.0 = Release|Any CPU
	EndGlobalSection
EndGlobal
